// !$*UTF8*$!
{
	archiveVersion = 1;
	classes = {
	};
	objectVersion = 46;
	objects = {

/* Begin PBXBuildFile section */
		962749621C4FCB7A00327B91 /* AppDelegate.swift in Sources */ = {isa = PBXBuildFile; fileRef = 962749611C4FCB7A00327B91 /* AppDelegate.swift */; };
		962749641C4FCB7A00327B91 /* ViewController.swift in Sources */ = {isa = PBXBuildFile; fileRef = 962749631C4FCB7A00327B91 /* ViewController.swift */; };
		962749671C4FCB7A00327B91 /* Main.storyboard in Resources */ = {isa = PBXBuildFile; fileRef = 962749651C4FCB7A00327B91 /* Main.storyboard */; };
		962749691C4FCB7B00327B91 /* Assets.xcassets in Resources */ = {isa = PBXBuildFile; fileRef = 962749681C4FCB7B00327B91 /* Assets.xcassets */; };
		9627496C1C4FCB7B00327B91 /* LaunchScreen.storyboard in Resources */ = {isa = PBXBuildFile; fileRef = 9627496A1C4FCB7B00327B91 /* LaunchScreen.storyboard */; };
		962749741C4FD4D800327B91 /* CoreLocation.framework in Frameworks */ = {isa = PBXBuildFile; fileRef = 962749731C4FD4D800327B91 /* CoreLocation.framework */; };
		962749761C50484300327B91 /* DetailViewController.swift in Sources */ = {isa = PBXBuildFile; fileRef = 962749751C50484300327B91 /* DetailViewController.swift */; };
/* End PBXBuildFile section */

/* Begin PBXFileReference section */
		9627495E1C4FCB7A00327B91 /* WeatherApp.app */ = {isa = PBXFileReference; explicitFileType = wrapper.application; includeInIndex = 0; path = WeatherApp.app; sourceTree = BUILT_PRODUCTS_DIR; };
		962749611C4FCB7A00327B91 /* AppDelegate.swift */ = {isa = PBXFileReference; lastKnownFileType = sourcecode.swift; path = AppDelegate.swift; sourceTree = "<group>"; };
		962749631C4FCB7A00327B91 /* ViewController.swift */ = {isa = PBXFileReference; lastKnownFileType = sourcecode.swift; path = ViewController.swift; sourceTree = "<group>"; };
		962749661C4FCB7A00327B91 /* Base */ = {isa = PBXFileReference; lastKnownFileType = file.storyboard; name = Base; path = Base.lproj/Main.storyboard; sourceTree = "<group>"; };
		962749681C4FCB7B00327B91 /* Assets.xcassets */ = {isa = PBXFileReference; lastKnownFileType = folder.assetcatalog; path = Assets.xcassets; sourceTree = "<group>"; };
		9627496B1C4FCB7B00327B91 /* Base */ = {isa = PBXFileReference; lastKnownFileType = file.storyboard; name = Base; path = Base.lproj/LaunchScreen.storyboard; sourceTree = "<group>"; };
		9627496D1C4FCB7B00327B91 /* Info.plist */ = {isa = PBXFileReference; lastKnownFileType = text.plist.xml; path = Info.plist; sourceTree = "<group>"; };
		962749731C4FD4D800327B91 /* CoreLocation.framework */ = {isa = PBXFileReference; lastKnownFileType = wrapper.framework; name = CoreLocation.framework; path = System/Library/Frameworks/CoreLocation.framework; sourceTree = SDKROOT; };
		962749751C50484300327B91 /* DetailViewController.swift */ = {isa = PBXFileReference; fileEncoding = 4; lastKnownFileType = sourcecode.swift; path = DetailViewController.swift; sourceTree = "<group>"; };
/* End PBXFileReference section */

/* Begin PBXFrameworksBuildPhase section */
		9627495B1C4FCB7900327B91 /* Frameworks */ = {
			isa = PBXFrameworksBuildPhase;
			buildActionMask = 2147483647;
			files = (
				962749741C4FD4D800327B91 /* CoreLocation.framework in Frameworks */,
			);
			runOnlyForDeploymentPostprocessing = 0;
		};
/* End PBXFrameworksBuildPhase section */

/* Begin PBXGroup section */
		962749551C4FCB7900327B91 = {
			isa = PBXGroup;
			children = (
				962749731C4FD4D800327B91 /* CoreLocation.framework */,
				962749601C4FCB7A00327B91 /* WeatherApp */,
				9627495F1C4FCB7A00327B91 /* Products */,
			);
			sourceTree = "<group>";
		};
		9627495F1C4FCB7A00327B91 /* Products */ = {
			isa = PBXGroup;
			children = (
				9627495E1C4FCB7A00327B91 /* WeatherApp.app */,
			);
			name = Products;
			sourceTree = "<group>";
		};
		962749601C4FCB7A00327B91 /* WeatherApp */ = {
			isa = PBXGroup;
			children = (
				962749611C4FCB7A00327B91 /* AppDelegate.swift */,
				962749631C4FCB7A00327B91 /* ViewController.swift */,
				962749651C4FCB7A00327B91 /* Main.storyboard */,
				962749681C4FCB7B00327B91 /* Assets.xcassets */,
				9627496A1C4FCB7B00327B91 /* LaunchScreen.storyboard */,
				9627496D1C4FCB7B00327B91 /* Info.plist */,
				962749751C50484300327B91 /* DetailViewController.swift */,
			);
			path = WeatherApp;
			sourceTree = "<group>";
		};
/* End PBXGroup section */

/* Begin PBXNativeTarget section */
		9627495D1C4FCB7900327B91 /* WeatherApp */ = {
			isa = PBXNativeTarget;
			buildConfigurationList = 962749701C4FCB7B00327B91 /* Build configuration list for PBXNativeTarget "WeatherApp" */;
			buildPhases = (
				9627495A1C4FCB7900327B91 /* Sources */,
				9627495B1C4FCB7900327B91 /* Frameworks */,
				9627495C1C4FCB7900327B91 /* Resources */,
			);
			buildRules = (
			);
			dependencies = (
			);
			name = WeatherApp;
			productName = WeatherApp;
			productReference = 9627495E1C4FCB7A00327B91 /* WeatherApp.app */;
			productType = "com.apple.product-type.application";
		};
/* End PBXNativeTarget section */

/* Begin PBXProject section */
		962749561C4FCB7900327B91 /* Project object */ = {
			isa = PBXProject;
			attributes = {
				LastSwiftUpdateCheck = 0720;
				LastUpgradeCheck = 0720;
				ORGANIZATIONNAME = "iTrain Asia";
				TargetAttributes = {
					9627495D1C4FCB7900327B91 = {
						CreatedOnToolsVersion = 7.2;
					};
				};
			};
			buildConfigurationList = 962749591C4FCB7900327B91 /* Build configuration list for PBXProject "WeatherApp" */;
			compatibilityVersion = "Xcode 3.2";
			developmentRegion = English;
			hasScannedForEncodings = 0;
			knownRegions = (
				en,
				Base,
			);
			mainGroup = 962749551C4FCB7900327B91;
			productRefGroup = 9627495F1C4FCB7A00327B91 /* Products */;
			projectDirPath = "";
			projectRoot = "";
			targets = (
				9627495D1C4FCB7900327B91 /* WeatherApp */,
			);
		};
/* End PBXProject section */

/* Begin PBXResourcesBuildPhase section */
		9627495C1C4FCB7900327B91 /* Resources */ = {
			isa = PBXResourcesBuildPhase;
			buildActionMask = 2147483647;
			files = (
				9627496C1C4FCB7B00327B91 /* LaunchScreen.storyboard in Resources */,
				962749691C4FCB7B00327B91 /* Assets.xcassets in Resources */,
				962749671C4FCB7A00327B91 /* Main.storyboard in Resources */,
			);
			runOnlyForDeploymentPostprocessing = 0;
		};
/* End PBXResourcesBuildPhase section */

/* Begin PBXSourcesBuildPhase section */
		9627495A1C4FCB7900327B91 /* Sources */ = {
			isa = PBXSourcesBuildPhase;
			buildActionMask = 2147483647;
			files = (
				962749761C50484300327B91 /* DetailViewController.swift in Sources */,
				962749641C4FCB7A00327B91 /* ViewController.swift in Sources */,
				962749621C4FCB7A00327B91 /* AppDelegate.swift in Sources */,
			);
			runOnlyForDeploymentPostprocessing = 0;
		};
/* End PBXSourcesBuildPhase section */

/* Begin PBXVariantGroup section */
		962749651C4FCB7A00327B91 /* Main.storyboard */ = {
			isa = PBXVariantGroup;
			children = (
				962749661C4FCB7A00327B91 /* Base */,
			);
			name = Main.storyboard;
			sourceTree = "<group>";
		};
		9627496A1C4FCB7B00327B91 /* LaunchScreen.storyboard */ = {
			isa = PBXVariantGroup;
			children = (
				9627496B1C4FCB7B00327B91 /* Base */,
			);
			name = LaunchScreen.storyboard;
			sourceTree = "<group>";
		};
/* End PBXVariantGroup section */

/* Begin XCBuildConfiguration section */
		9627496E1C4FCB7B00327B91 /* Debug */ = {
			isa = XCBuildConfiguration;
			buildSettings = {
				ALWAYS_SEARCH_USER_PATHS = NO;
				CLANG_CXX_LANGUAGE_STANDARD = "gnu++0x";
				CLANG_CXX_LIBRARY = "libc++";
				CLANG_ENABLE_MODULES = YES;
				CLANG_ENABLE_OBJC_ARC = YES;
				CLANG_WARN_BOOL_CONVERSION = YES;
				CLANG_WARN_CONSTANT_CONVERSION = YES;
				CLANG_WARN_DIRECT_OBJC_ISA_USAGE = YES_ERROR;
				CLANG_WARN_EMPTY_BODY = YES;
				CLANG_WARN_ENUM_CONVERSION = YES;
				CLANG_WARN_INT_CONVERSION = YES;
				CLANG_WARN_OBJC_ROOT_CLASS = YES_ERROR;
				CLANG_WARN_UNREACHABLE_CODE = YES;
				CLANG_WARN__DUPLICATE_METHOD_MATCH = YES;
				"CODE_SIGN_IDENTITY[sdk=iphoneos*]" = "iPhone Developer";
				COPY_PHASE_STRIP = NO;
				DEBUG_INFORMATION_FORMAT = dwarf;
				ENABLE_STRICT_OBJC_MSGSEND = YES;
				ENABLE_TESTABILITY = YES;
				GCC_C_LANGUAGE_STANDARD = gnu99;
				GCC_DYNAMIC_NO_PIC = NO;
				GCC_NO_COMMON_BLOCKS = YES;
				GCC_OPTIMIZATION_LEVEL = 0;
				GCC_PREPROCESSOR_DEFINITIONS = (
					"DEBUG=1",
					"$(inherited)",
				);
				GCC_WARN_64_TO_32_BIT_CONVERSION = YES;
				GCC_WARN_ABOUT_RETURN_TYPE = YES_ERROR;
				GCC_WARN_UNDECLARED_SELECTOR = YES;
				GCC_WARN_UNINITIALIZED_AUTOS = YES_AGGRESSIVE;
				GCC_WARN_UNUSED_FUNCTION = YES;
				GCC_WARN_UNUSED_VARIABLE = YES;
				IPHONEOS_DEPLOYMENT_TARGET = 9.2;
				MTL_ENABLE_DEBUG_INFO = YES;
				ONLY_ACTIVE_ARCH = YES;
				SDKROOT = iphoneos;
				SWIFT_OPTIMIZATION_LEVEL = "-Onone";
			};
			name = Debug;
		};
		9627496F1C4FCB7B00327B91 /* Release */ = {
			isa = XCBuildConfiguration;
			buildSettings = {
				ALWAYS_SEARCH_USER_PATHS = NO;
				CLANG_CXX_LANGUAGE_STANDARD = "gnu++0x";
				CLANG_CXX_LIBRARY = "libc++";
				CLANG_ENABLE_MODULES = YES;
				CLANG_ENABLE_OBJC_ARC = YES;
				CLANG_WARN_BOOL_CONVERSION = YES;
				CLANG_WARN_CONSTANT_CONVERSION = YES;
				CLANG_WARN_DIRECT_OBJC_ISA_USAGE = YES_ERROR;
				CLANG_WARN_EMPTY_BODY = YES;
				CLANG_WARN_ENUM_CONVERSION = YES;
				CLANG_WARN_INT_CONVERSION = YES;
				CLANG_WARN_OBJC_ROOT_CLASS = YES_ERROR;
				CLANG_WARN_UNREACHABLE_CODE = YES;
				CLANG_WARN__DUPLICATE_METHOD_MATCH = YES;
				"CODE_SIGN_IDENTITY[sdk=iphoneos*]" = "iPhone Developer";
				COPY_PHASE_STRIP = NO;
				DEBUG_INFORMATION_FORMAT = "dwarf-with-dsym";
				ENABLE_NS_ASSERTIONS = NO;
				ENABLE_STRICT_OBJC_MSGSEND = YES;
				GCC_C_LANGUAGE_STANDARD = gnu99;
				GCC_NO_COMMON_BLOCKS = YES;
				GCC_WARN_64_TO_32_BIT_CONVERSION = YES;
				GCC_WARN_ABOUT_RETURN_TYPE = YES_ERROR;
				GCC_WARN_UNDECLARED_SELECTOR = YES;
				GCC_WARN_UNINITIALIZED_AUTOS = YES_AGGRESSIVE;
				GCC_WARN_UNUSED_FUNCTION = YES;
				GCC_WARN_UNUSED_VARIABLE = YES;
				IPHONEOS_DEPLOYMENT_TARGET = 9.2;
				MTL_ENABLE_DEBUG_INFO = NO;
				SDKROOT = iphoneos;
				VALIDATE_PRODUCT = YES;
			};
			name = Release;
		};
		962749711C4FCB7B00327B91 /* Debug */ = {
			isa = XCBuildConfiguration;
			buildSettings = {
				ASSETCATALOG_COMPILER_APPICON_NAME = AppIcon;
				INFOPLIST_FILE = WeatherApp/Info.plist;
				LD_RUNPATH_SEARCH_PATHS = "$(inherited) @executable_path/Frameworks";
				PRODUCT_BUNDLE_IDENTIFIER = com.itrainasia.WeatherApp;
				PRODUCT_NAME = "$(TARGET_NAME)";
			};
			name = Debug;
		};
		962749721C4FCB7B00327B91 /* Release */ = {
			isa = XCBuildConfiguration;
			buildSettings = {
				ASSETCATALOG_COMPILER_APPICON_NAME = AppIcon;
				INFOPLIST_FILE = WeatherApp/Info.plist;
				LD_RUNPATH_SEARCH_PATHS = "$(inherited) @executable_path/Frameworks";
				PRODUCT_BUNDLE_IDENTIFIER = com.itrainasia.WeatherApp;
				PRODUCT_NAME = "$(TARGET_NAME)";
			};
			name = Release;
		};
/* End XCBuildConfiguration section */

/* Begin XCConfigurationList section */
		962749591C4FCB7900327B91 /* Build configuration list for PBXProject "WeatherApp" */ = {
			isa = XCConfigurationList;
			buildConfigurations = (
				9627496E1C4FCB7B00327B91 /* Debug */,
				9627496F1C4FCB7B00327B91 /* Release */,
			);
			defaultConfigurationIsVisible = 0;
			defaultConfigurationName = Release;
		};
		962749701C4FCB7B00327B91 /* Build configuration list for PBXNativeTarget "WeatherApp" */ = {
			isa = XCConfigurationList;
			buildConfigurations = (
				962749711C4FCB7B00327B91 /* Debug */,
				962749721C4FCB7B00327B91 /* Release */,
			);
			defaultConfigurationIsVisible = 0;
			defaultConfigurationName = Release;
		};
/* End XCConfigurationList section */
	};
	rootObject = 962749561C4FCB7900327B91 /* Project object */;
}
